
Microsoft Visual Studio Solution File, Format Version 12.00
# Visual Studio 15
VisualStudioVersion = 15.0.27130.2036
MinimumVisualStudioVersion = 10.0.40219.1
Project("{FAE04EC0-301F-11D3-BF4B-00C04F79EFBC}") = "VvsTop", "VvsTop\VvsTop.csproj", "{82D27E3A-674E-42E9-AC14-0C6571FF07A4}"
EndProject
Project("{FAE04EC0-301F-11D3-BF4B-00C04F79EFBC}") = "Top", "Top\Top.csproj", "{CACE58E3-BAFB-4A32-8900-47FF18F1DE54}"
EndProject
Global
	GlobalSection(SolutionConfigurationPlatforms) = preSolution
		Debug|Any CPU = Debug|Any CPU
		Release|Any CPU = Release|Any CPU
	EndGlobalSection
	GlobalSection(ProjectConfigurationPlatforms) = postSolution
		{82D27E3A-674E-42E9-AC14-0C6571FF07A4}.Debug|Any CPU.ActiveCfg = Debug|Any CPU
		{82D27E3A-674E-42E9-AC14-0C6571FF07A4}.Debug|Any CPU.Build.0 = Debug|Any CPU
		{82D27E3A-674E-42E9-AC14-0C6571FF07A4}.Release|Any CPU.ActiveCfg = Release|Any CPU
		{82D27E3A-674E-42E9-AC14-0C6571FF07A4}.Release|Any CPU.Build.0 = Release|Any CPU
		{CACE58E3-BAFB-4A32-8900-47FF18F1DE54}.Debug|Any CPU.ActiveCfg = Debug|Any CPU
		{CACE58E3-BAFB-4A32-8900-47FF18F1DE54}.Debug|Any CPU.Build.0 = Debug|Any CPU
		{CACE58E3-BAFB-4A32-8900-47FF18F1DE54}.Release|Any CPU.ActiveCfg = Release|Any CPU
		{CACE58E3-BAFB-4A32-8900-47FF18F1DE54}.Release|Any CPU.Build.0 = Release|Any CPU
	EndGlobalSection
	GlobalSection(SolutionProperties) = preSolution
		HideSolutionNode = FALSE
	EndGlobalSection
	GlobalSection(ExtensibilityGlobals) = postSolution
		SolutionGuid = {501BB743-2EEE-4D9D-8953-C63505FEFA25}
	EndGlobalSection
EndGlobal
